github.com/eatmoreapple/openwechat v1.4.4 h1:rAH3jy+Gn8TsN1yi5jBV2bKvbDC87XOpss+GXx6Ci0A=
github.com/eatmoreapple/openwechat v1.4.4/go.mod h1:h4m2N8m0XsUKlm7UR8BUGkV89GNuKHCnlGV3J8n9Mpw=
github.com/patrickmn/go-cache v2.1.0+incompatible h1:HRMgzkcYKYpi3C8ajMPV8OFXaaRUnok+kx1WdO15EQc=
github.com/patrickmn/go-cache v2.1.0+incompatible/go.mod h1:3Qf8kWWT7OJRJbdiICTKqZju1ZixQ/KpMGzzAfe6+WQ=
